
Microsoft Visual Studio Solution File, Format Version 10.00
# Visual Studio 2008
Project("{2150E333-8FDC-42A3-9474-1A3956D46DE8}") = "Solution Items", "Solution Items", "{8E28D357-213F-4239-8F14-60423045A4AF}"
	ProjectSection(SolutionItems) = preProject
		localtestrun.testrunconfig = localtestrun.testrunconfig
		SimpleSharing.vsmdi = SimpleSharing.vsmdi
	EndProjectSection
	ProjectSection(FolderStartupServices) = postProject
		{B4F97281-0DBD-4835-9ED8-7DFB966E87FF} = {B4F97281-0DBD-4835-9ED8-7DFB966E87FF}
	EndProjectSection
EndProject
Project("{2150E333-8FDC-42A3-9474-1A3956D46DE8}") = "Source", "Source", "{873DA134-5545-49B2-BBA0-3045B81AC44D}"
	ProjectSection(FolderStartupServices) = postProject
		{B4F97281-0DBD-4835-9ED8-7DFB966E87FF} = {B4F97281-0DBD-4835-9ED8-7DFB966E87FF}
	EndProjectSection
EndProject
Project("{2150E333-8FDC-42A3-9474-1A3956D46DE8}") = "UnitTests", "UnitTests", "{F835F3C1-E7CE-4ADB-AE1E-532C0585377C}"
	ProjectSection(FolderStartupServices) = postProject
		{B4F97281-0DBD-4835-9ED8-7DFB966E87FF} = {B4F97281-0DBD-4835-9ED8-7DFB966E87FF}
	EndProjectSection
EndProject
Project("{FAE04EC0-301F-11D3-BF4B-00C04F79EFBC}") = "SimpleSharing", "Source\SimpleSharing.csproj", "{5A747B6C-D230-4D59-9321-83B48C4553CF}"
EndProject
Project("{FAE04EC0-301F-11D3-BF4B-00C04F79EFBC}") = "SimpleSharing.Tests", "UnitTests\SimpleSharing.Tests.csproj", "{6634F9B2-94CB-4D65-8AD7-E38D6F503057}"
EndProject
Global
	GlobalSection(TestCaseManagementSettings) = postSolution
		CategoryFile = SimpleSharing.vsmdi
	EndGlobalSection
	GlobalSection(SolutionConfigurationPlatforms) = preSolution
		Debug|.NET = Debug|.NET
		Debug|Any CPU = Debug|Any CPU
		Debug|Mixed Platforms = Debug|Mixed Platforms
		Debug|x86 = Debug|x86
		Release|.NET = Release|.NET
		Release|Any CPU = Release|Any CPU
		Release|Mixed Platforms = Release|Mixed Platforms
		Release|x86 = Release|x86
	EndGlobalSection
	GlobalSection(ProjectConfigurationPlatforms) = postSolution
		{5A747B6C-D230-4D59-9321-83B48C4553CF}.Debug|.NET.ActiveCfg = Debug|Any CPU
		{5A747B6C-D230-4D59-9321-83B48C4553CF}.Debug|Any CPU.ActiveCfg = Debug|Any CPU
		{5A747B6C-D230-4D59-9321-83B48C4553CF}.Debug|Any CPU.Build.0 = Debug|Any CPU
		{5A747B6C-D230-4D59-9321-83B48C4553CF}.Debug|Mixed Platforms.ActiveCfg = Debug|Any CPU
		{5A747B6C-D230-4D59-9321-83B48C4553CF}.Debug|Mixed Platforms.Build.0 = Debug|Any CPU
		{5A747B6C-D230-4D59-9321-83B48C4553CF}.Debug|x86.ActiveCfg = Debug|x86
		{5A747B6C-D230-4D59-9321-83B48C4553CF}.Debug|x86.Build.0 = Debug|x86
		{5A747B6C-D230-4D59-9321-83B48C4553CF}.Release|.NET.ActiveCfg = Release|Any CPU
		{5A747B6C-D230-4D59-9321-83B48C4553CF}.Release|Any CPU.ActiveCfg = Release|Any CPU
		{5A747B6C-D230-4D59-9321-83B48C4553CF}.Release|Any CPU.Build.0 = Release|Any CPU
		{5A747B6C-D230-4D59-9321-83B48C4553CF}.Release|Mixed Platforms.ActiveCfg = Release|Any CPU
		{5A747B6C-D230-4D59-9321-83B48C4553CF}.Release|Mixed Platforms.Build.0 = Release|Any CPU
		{5A747B6C-D230-4D59-9321-83B48C4553CF}.Release|x86.ActiveCfg = Release|x86
		{5A747B6C-D230-4D59-9321-83B48C4553CF}.Release|x86.Build.0 = Release|x86
		{6634F9B2-94CB-4D65-8AD7-E38D6F503057}.Debug|.NET.ActiveCfg = Debug|Any CPU
		{6634F9B2-94CB-4D65-8AD7-E38D6F503057}.Debug|Any CPU.ActiveCfg = Debug|Any CPU
		{6634F9B2-94CB-4D65-8AD7-E38D6F503057}.Debug|Any CPU.Build.0 = Debug|Any CPU
		{6634F9B2-94CB-4D65-8AD7-E38D6F503057}.Debug|Mixed Platforms.ActiveCfg = Debug|Any CPU
		{6634F9B2-94CB-4D65-8AD7-E38D6F503057}.Debug|Mixed Platforms.Build.0 = Debug|Any CPU
		{6634F9B2-94CB-4D65-8AD7-E38D6F503057}.Debug|x86.ActiveCfg = Debug|x86
		{6634F9B2-94CB-4D65-8AD7-E38D6F503057}.Debug|x86.Build.0 = Debug|x86
		{6634F9B2-94CB-4D65-8AD7-E38D6F503057}.Release|.NET.ActiveCfg = Release|Any CPU
		{6634F9B2-94CB-4D65-8AD7-E38D6F503057}.Release|Any CPU.ActiveCfg = Release|Any CPU
		{6634F9B2-94CB-4D65-8AD7-E38D6F503057}.Release|Any CPU.Build.0 = Release|Any CPU
		{6634F9B2-94CB-4D65-8AD7-E38D6F503057}.Release|Mixed Platforms.ActiveCfg = Release|Any CPU
		{6634F9B2-94CB-4D65-8AD7-E38D6F503057}.Release|Mixed Platforms.Build.0 = Release|Any CPU
		{6634F9B2-94CB-4D65-8AD7-E38D6F503057}.Release|x86.ActiveCfg = Release|x86
		{6634F9B2-94CB-4D65-8AD7-E38D6F503057}.Release|x86.Build.0 = Release|x86
	EndGlobalSection
	GlobalSection(SolutionProperties) = preSolution
		HideSolutionNode = FALSE
	EndGlobalSection
	GlobalSection(NestedProjects) = preSolution
		{5A747B6C-D230-4D59-9321-83B48C4553CF} = {873DA134-5545-49B2-BBA0-3045B81AC44D}
		{6634F9B2-94CB-4D65-8AD7-E38D6F503057} = {F835F3C1-E7CE-4ADB-AE1E-532C0585377C}
	EndGlobalSection
	GlobalSection(TeamFoundationVersionControl) = preSolution
		SccNumberOfProjects = 8
		SccEnterpriseProvider = {4CA58AB2-18FA-4F8D-95D4-32DDF27D184C}
		SccTeamFoundationServer = https://tfs03.codeplex.com/
		SccLocalPath0 = .
		SccProjectUniqueName1 = Source\\SimpleSharing.CF.csproj
		SccProjectTopLevelParentUniqueName1 = SimpleSharing.2008.sln
		SccProjectName1 = Source
		SccLocalPath1 = Source
		SccProjectUniqueName2 = Source\\SimpleSharing.csproj
		SccProjectTopLevelParentUniqueName2 = SimpleSharing.2008.sln
		SccProjectName2 = Source
		SccLocalPath2 = Source
		SccProjectUniqueName3 = UnitTests\\SimpleSharing.Tests.CF.csproj
		SccProjectTopLevelParentUniqueName3 = SimpleSharing.2008.sln
		SccProjectName3 = UnitTests
		SccLocalPath3 = UnitTests
		SccProjectUniqueName4 = UnitTests\\SimpleSharing.Tests.csproj
		SccProjectTopLevelParentUniqueName4 = SimpleSharing.2008.sln
		SccProjectName4 = UnitTests
		SccLocalPath4 = UnitTests
		SccProjectUniqueName5 = ..\\Tools\\CFUnitTester\\GuiTestRunner\\GuiTestRunner.csproj
		SccProjectTopLevelParentUniqueName5 = SimpleSharing.2008.sln
		SccProjectName5 = ../Tools/CFUnitTester/GuiTestRunner
		SccLocalPath5 = ..\\Tools\\CFUnitTester\\GuiTestRunner
		SccProjectUniqueName6 = ..\\Tools\\CFUnitTester\\TestRunner\\TestRunner.csproj
		SccProjectTopLevelParentUniqueName6 = SimpleSharing.2008.sln
		SccProjectName6 = ../Tools/CFUnitTester/TestRunner
		SccLocalPath6 = ..\\Tools\\CFUnitTester\\TestRunner
		SccProjectUniqueName7 = ..\\Tools\\CFUnitTester\\UnitTesting\\UnitTesting.csproj
		SccProjectTopLevelParentUniqueName7 = SimpleSharing.2008.sln
		SccProjectName7 = ../Tools/CFUnitTester/UnitTesting
		SccLocalPath7 = ..\\Tools\\CFUnitTester\\UnitTesting
	EndGlobalSection
	GlobalSection(TextTemplating) = postSolution
		TextTemplating = 1
	EndGlobalSection
EndGlobal
